// !$*UTF8*$!
{
	archiveVersion = 1;
	classes = {
	};
	objectVersion = 46;
	objects = {

/* Begin PBXBuildFile section */
		5E24C5CF1E0ABD9B00F6FDF4 /* main.m in Sources */ = {isa = PBXBuildFile; fileRef = 5E24C5CE1E0ABD9B00F6FDF4 /* main.m */; };
		5E24C5D21E0ABD9B00F6FDF4 /* AppDelegate.m in Sources */ = {isa = PBXBuildFile; fileRef = 5E24C5D11E0ABD9B00F6FDF4 /* AppDelegate.m */; };
		5E24C5D51E0ABD9B00F6FDF4 /* ViewController.m in Sources */ = {isa = PBXBuildFile; fileRef = 5E24C5D41E0ABD9B00F6FDF4 /* ViewController.m */; };
		5E24C5D81E0ABD9B00F6FDF4 /* Main.storyboard in Resources */ = {isa = PBXBuildFile; fileRef = 5E24C5D61E0ABD9B00F6FDF4 /* Main.storyboard */; };
		5E24C5DA1E0ABD9B00F6FDF4 /* Assets.xcassets in Resources */ = {isa = PBXBuildFile; fileRef = 5E24C5D91E0ABD9B00F6FDF4 /* Assets.xcassets */; };
		5E24C5DD1E0ABD9B00F6FDF4 /* LaunchScreen.storyboard in Resources */ = {isa = PBXBuildFile; fileRef = 5E24C5DB1E0ABD9B00F6FDF4 /* LaunchScreen.storyboard */; };
		5E24C5E71E0AC2E200F6FDF4 /* CABasicAnimationViewController.m in Sources */ = {isa = PBXBuildFile; fileRef = 5E24C5E51E0AC2E200F6FDF4 /* CABasicAnimationViewController.m */; };
		5E24C5E81E0AC2E200F6FDF4 /* CABasicAnimationViewController.xib in Resources */ = {isa = PBXBuildFile; fileRef = 5E24C5E61E0AC2E200F6FDF4 /* CABasicAnimationViewController.xib */; };
		5E24C6141E10117D00F6FDF4 /* HomeViewController.m in Sources */ = {isa = PBXBuildFile; fileRef = 5E24C6121E10117D00F6FDF4 /* HomeViewController.m */; };
		5E24C6151E10117D00F6FDF4 /* HomeViewController.xib in Resources */ = {isa = PBXBuildFile; fileRef = 5E24C6131E10117D00F6FDF4 /* HomeViewController.xib */; };
		5E24C6191E10134800F6FDF4 /* RepaetViewController.m in Sources */ = {isa = PBXBuildFile; fileRef = 5E24C6171E10134800F6FDF4 /* RepaetViewController.m */; };
		5E24C61A1E10134800F6FDF4 /* RepaetViewController.xib in Resources */ = {isa = PBXBuildFile; fileRef = 5E24C6181E10134800F6FDF4 /* RepaetViewController.xib */; };
		5E24C61E1E10239800F6FDF4 /* SpringViewController.m in Sources */ = {isa = PBXBuildFile; fileRef = 5E24C61C1E10239800F6FDF4 /* SpringViewController.m */; };
		5E24C61F1E10239800F6FDF4 /* SpringViewController.xib in Resources */ = {isa = PBXBuildFile; fileRef = 5E24C61D1E10239800F6FDF4 /* SpringViewController.xib */; };
		5E24C6231E11671900F6FDF4 /* RotationViewController.m in Sources */ = {isa = PBXBuildFile; fileRef = 5E24C6211E11671900F6FDF4 /* RotationViewController.m */; };
		5E24C6241E11671900F6FDF4 /* RotationViewController.xib in Resources */ = {isa = PBXBuildFile; fileRef = 5E24C6221E11671900F6FDF4 /* RotationViewController.xib */; };
		5E24C6281E12B46700F6FDF4 /* HiddenAnimationViewController.m in Sources */ = {isa = PBXBuildFile; fileRef = 5E24C6261E12B46700F6FDF4 /* HiddenAnimationViewController.m */; };
		5E24C6291E12B46700F6FDF4 /* HiddenAnimationViewController.xib in Resources */ = {isa = PBXBuildFile; fileRef = 5E24C6271E12B46700F6FDF4 /* HiddenAnimationViewController.xib */; };
		5E24C62D1E155E4A00F6FDF4 /* BaseAnimationViewController.m in Sources */ = {isa = PBXBuildFile; fileRef = 5E24C62B1E155E4900F6FDF4 /* BaseAnimationViewController.m */; };
		5E24C62E1E155E4A00F6FDF4 /* BaseAnimationViewController.xib in Resources */ = {isa = PBXBuildFile; fileRef = 5E24C62C1E155E4900F6FDF4 /* BaseAnimationViewController.xib */; };
		5E24C6321E1FEE9400F6FDF4 /* KeyAnimationViewController.m in Sources */ = {isa = PBXBuildFile; fileRef = 5E24C6301E1FEE9400F6FDF4 /* KeyAnimationViewController.m */; };
		5E24C6331E1FEE9400F6FDF4 /* KeyAnimationViewController.xib in Resources */ = {isa = PBXBuildFile; fileRef = 5E24C6311E1FEE9400F6FDF4 /* KeyAnimationViewController.xib */; };
		B60BE6D41E272169006DDB89 /* AnmationGroupViewController.m in Sources */ = {isa = PBXBuildFile; fileRef = B60BE6D21E272169006DDB89 /* AnmationGroupViewController.m */; };
		B60BE6D51E272169006DDB89 /* AnmationGroupViewController.xib in Resources */ = {isa = PBXBuildFile; fileRef = B60BE6D31E272169006DDB89 /* AnmationGroupViewController.xib */; };
		B60BE6D91E272257006DDB89 /* KeyAnimationsViewController.m in Sources */ = {isa = PBXBuildFile; fileRef = B60BE6D71E272257006DDB89 /* KeyAnimationsViewController.m */; };
		B60BE6DA1E272257006DDB89 /* KeyAnimationsViewController.xib in Resources */ = {isa = PBXBuildFile; fileRef = B60BE6D81E272257006DDB89 /* KeyAnimationsViewController.xib */; };
		B60BE6DE1E276C8C006DDB89 /* CATransitionViewController.m in Sources */ = {isa = PBXBuildFile; fileRef = B60BE6DC1E276C8C006DDB89 /* CATransitionViewController.m */; };
		B60BE6DF1E276C8C006DDB89 /* CATransitionViewController.xib in Resources */ = {isa = PBXBuildFile; fileRef = B60BE6DD1E276C8C006DDB89 /* CATransitionViewController.xib */; };
		B60BE6E41E286E62006DDB89 /* MenuViewController.m in Sources */ = {isa = PBXBuildFile; fileRef = B60BE6E21E286E62006DDB89 /* MenuViewController.m */; };
		B60BE6E51E286E62006DDB89 /* MenuViewController.xib in Resources */ = {isa = PBXBuildFile; fileRef = B60BE6E31E286E62006DDB89 /* MenuViewController.xib */; };
		B60BE6E91E286F27006DDB89 /* Quart2DViewController.m in Sources */ = {isa = PBXBuildFile; fileRef = B60BE6E71E286F27006DDB89 /* Quart2DViewController.m */; };
		B60BE6EA1E286F27006DDB89 /* Quart2DViewController.xib in Resources */ = {isa = PBXBuildFile; fileRef = B60BE6E81E286F27006DDB89 /* Quart2DViewController.xib */; };
		B60BE6EE1E287C2F006DDB89 /* BaseDrawViewController.m in Sources */ = {isa = PBXBuildFile; fileRef = B60BE6EC1E287C2F006DDB89 /* BaseDrawViewController.m */; };
		B60BE6EF1E287C2F006DDB89 /* BaseDrawViewController.xib in Resources */ = {isa = PBXBuildFile; fileRef = B60BE6ED1E287C2F006DDB89 /* BaseDrawViewController.xib */; };
		B60BE6F21E287CC5006DDB89 /* BaseDrawView.m in Sources */ = {isa = PBXBuildFile; fileRef = B60BE6F11E287CC5006DDB89 /* BaseDrawView.m */; };
		B60BE6F71E28B116006DDB89 /* TouchMenuViewController.m in Sources */ = {isa = PBXBuildFile; fileRef = B60BE6F51E28B116006DDB89 /* TouchMenuViewController.m */; };
		B60BE6F81E28B116006DDB89 /* TouchMenuViewController.xib in Resources */ = {isa = PBXBuildFile; fileRef = B60BE6F61E28B116006DDB89 /* TouchMenuViewController.xib */; };
		B60BE6FC1E28B1D0006DDB89 /* TouchBaseViewController.m in Sources */ = {isa = PBXBuildFile; fileRef = B60BE6FA1E28B1D0006DDB89 /* TouchBaseViewController.m */; };
		B60BE6FD1E28B1D0006DDB89 /* TouchBaseViewController.xib in Resources */ = {isa = PBXBuildFile; fileRef = B60BE6FB1E28B1D0006DDB89 /* TouchBaseViewController.xib */; };
		B60BE7011E28BDAD006DDB89 /* MultiTouchViewController.m in Sources */ = {isa = PBXBuildFile; fileRef = B60BE6FF1E28BDAD006DDB89 /* MultiTouchViewController.m */; };
		B60BE7021E28BDAD006DDB89 /* MultiTouchViewController.xib in Resources */ = {isa = PBXBuildFile; fileRef = B60BE7001E28BDAD006DDB89 /* MultiTouchViewController.xib */; };
		B60BE7061E28D189006DDB89 /* RightSwipeMenuViewController.m in Sources */ = {isa = PBXBuildFile; fileRef = B60BE7041E28D189006DDB89 /* RightSwipeMenuViewController.m */; };
		B60BE7071E28D189006DDB89 /* RightSwipeMenuViewController.xib in Resources */ = {isa = PBXBuildFile; fileRef = B60BE7051E28D189006DDB89 /* RightSwipeMenuViewController.xib */; };
		B6B465071E236DFB007D7B62 /* AlertViewAnimationViewController.m in Sources */ = {isa = PBXBuildFile; fileRef = B6B465051E236DFB007D7B62 /* AlertViewAnimationViewController.m */; };
		B6B465081E236DFB007D7B62 /* AlertViewAnimationViewController.xib in Resources */ = {isa = PBXBuildFile; fileRef = B6B465061E236DFB007D7B62 /* AlertViewAnimationViewController.xib */; };
/* End PBXBuildFile section */

/* Begin PBXFileReference section */
		5E24C5CA1E0ABD9B00F6FDF4 /* 动画.app */ = {isa = PBXFileReference; explicitFileType = wrapper.application; includeInIndex = 0; path = "动画.app"; sourceTree = BUILT_PRODUCTS_DIR; };
		5E24C5CE1E0ABD9B00F6FDF4 /* main.m */ = {isa = PBXFileReference; lastKnownFileType = sourcecode.c.objc; path = main.m; sourceTree = "<group>"; };
		5E24C5D01E0ABD9B00F6FDF4 /* AppDelegate.h */ = {isa = PBXFileReference; lastKnownFileType = sourcecode.c.h; path = AppDelegate.h; sourceTree = "<group>"; };
		5E24C5D11E0ABD9B00F6FDF4 /* AppDelegate.m */ = {isa = PBXFileReference; lastKnownFileType = sourcecode.c.objc; path = AppDelegate.m; sourceTree = "<group>"; };
		5E24C5D31E0ABD9B00F6FDF4 /* ViewController.h */ = {isa = PBXFileReference; lastKnownFileType = sourcecode.c.h; path = ViewController.h; sourceTree = "<group>"; };
		5E24C5D41E0ABD9B00F6FDF4 /* ViewController.m */ = {isa = PBXFileReference; lastKnownFileType = sourcecode.c.objc; path = ViewController.m; sourceTree = "<group>"; };
		5E24C5D71E0ABD9B00F6FDF4 /* Base */ = {isa = PBXFileReference; lastKnownFileType = file.storyboard; name = Base; path = Base.lproj/Main.storyboard; sourceTree = "<group>"; };
		5E24C5D91E0ABD9B00F6FDF4 /* Assets.xcassets */ = {isa = PBXFileReference; lastKnownFileType = folder.assetcatalog; path = Assets.xcassets; sourceTree = "<group>"; };
		5E24C5DC1E0ABD9B00F6FDF4 /* Base */ = {isa = PBXFileReference; lastKnownFileType = file.storyboard; name = Base; path = Base.lproj/LaunchScreen.storyboard; sourceTree = "<group>"; };
		5E24C5DE1E0ABD9B00F6FDF4 /* Info.plist */ = {isa = PBXFileReference; lastKnownFileType = text.plist.xml; path = Info.plist; sourceTree = "<group>"; };
		5E24C5E41E0AC2E200F6FDF4 /* CABasicAnimationViewController.h */ = {isa = PBXFileReference; fileEncoding = 4; lastKnownFileType = sourcecode.c.h; path = CABasicAnimationViewController.h; sourceTree = "<group>"; };
		5E24C5E51E0AC2E200F6FDF4 /* CABasicAnimationViewController.m */ = {isa = PBXFileReference; fileEncoding = 4; lastKnownFileType = sourcecode.c.objc; path = CABasicAnimationViewController.m; sourceTree = "<group>"; };
		5E24C5E61E0AC2E200F6FDF4 /* CABasicAnimationViewController.xib */ = {isa = PBXFileReference; fileEncoding = 4; lastKnownFileType = file.xib; path = CABasicAnimationViewController.xib; sourceTree = "<group>"; };
		5E24C6111E10117D00F6FDF4 /* HomeViewController.h */ = {isa = PBXFileReference; fileEncoding = 4; lastKnownFileType = sourcecode.c.h; path = HomeViewController.h; sourceTree = "<group>"; };
		5E24C6121E10117D00F6FDF4 /* HomeViewController.m */ = {isa = PBXFileReference; fileEncoding = 4; lastKnownFileType = sourcecode.c.objc; path = HomeViewController.m; sourceTree = "<group>"; };
		5E24C6131E10117D00F6FDF4 /* HomeViewController.xib */ = {isa = PBXFileReference; fileEncoding = 4; lastKnownFileType = file.xib; path = HomeViewController.xib; sourceTree = "<group>"; };
		5E24C6161E10134800F6FDF4 /* RepaetViewController.h */ = {isa = PBXFileReference; fileEncoding = 4; lastKnownFileType = sourcecode.c.h; path = RepaetViewController.h; sourceTree = "<group>"; };
		5E24C6171E10134800F6FDF4 /* RepaetViewController.m */ = {isa = PBXFileReference; fileEncoding = 4; lastKnownFileType = sourcecode.c.objc; path = RepaetViewController.m; sourceTree = "<group>"; };
		5E24C6181E10134800F6FDF4 /* RepaetViewController.xib */ = {isa = PBXFileReference; fileEncoding = 4; lastKnownFileType = file.xib; path = RepaetViewController.xib; sourceTree = "<group>"; };
		5E24C61B1E10239800F6FDF4 /* SpringViewController.h */ = {isa = PBXFileReference; fileEncoding = 4; lastKnownFileType = sourcecode.c.h; path = SpringViewController.h; sourceTree = "<group>"; };
		5E24C61C1E10239800F6FDF4 /* SpringViewController.m */ = {isa = PBXFileReference; fileEncoding = 4; lastKnownFileType = sourcecode.c.objc; path = SpringViewController.m; sourceTree = "<group>"; };
		5E24C61D1E10239800F6FDF4 /* SpringViewController.xib */ = {isa = PBXFileReference; fileEncoding = 4; lastKnownFileType = file.xib; path = SpringViewController.xib; sourceTree = "<group>"; };
		5E24C6201E11671900F6FDF4 /* RotationViewController.h */ = {isa = PBXFileReference; fileEncoding = 4; lastKnownFileType = sourcecode.c.h; path = RotationViewController.h; sourceTree = "<group>"; };
		5E24C6211E11671900F6FDF4 /* RotationViewController.m */ = {isa = PBXFileReference; fileEncoding = 4; lastKnownFileType = sourcecode.c.objc; path = RotationViewController.m; sourceTree = "<group>"; };
		5E24C6221E11671900F6FDF4 /* RotationViewController.xib */ = {isa = PBXFileReference; fileEncoding = 4; lastKnownFileType = file.xib; path = RotationViewController.xib; sourceTree = "<group>"; };
		5E24C6251E12B46700F6FDF4 /* HiddenAnimationViewController.h */ = {isa = PBXFileReference; fileEncoding = 4; lastKnownFileType = sourcecode.c.h; path = HiddenAnimationViewController.h; sourceTree = "<group>"; };
		5E24C6261E12B46700F6FDF4 /* HiddenAnimationViewController.m */ = {isa = PBXFileReference; fileEncoding = 4; lastKnownFileType = sourcecode.c.objc; path = HiddenAnimationViewController.m; sourceTree = "<group>"; };
		5E24C6271E12B46700F6FDF4 /* HiddenAnimationViewController.xib */ = {isa = PBXFileReference; fileEncoding = 4; lastKnownFileType = file.xib; path = HiddenAnimationViewController.xib; sourceTree = "<group>"; };
		5E24C62A1E155E4900F6FDF4 /* BaseAnimationViewController.h */ = {isa = PBXFileReference; fileEncoding = 4; lastKnownFileType = sourcecode.c.h; path = BaseAnimationViewController.h; sourceTree = "<group>"; };
		5E24C62B1E155E4900F6FDF4 /* BaseAnimationViewController.m */ = {isa = PBXFileReference; fileEncoding = 4; lastKnownFileType = sourcecode.c.objc; path = BaseAnimationViewController.m; sourceTree = "<group>"; };
		5E24C62C1E155E4900F6FDF4 /* BaseAnimationViewController.xib */ = {isa = PBXFileReference; fileEncoding = 4; lastKnownFileType = file.xib; path = BaseAnimationViewController.xib; sourceTree = "<group>"; };
		5E24C6301E1FEE9400F6FDF4 /* KeyAnimationViewController.m */ = {isa = PBXFileReference; fileEncoding = 4; lastKnownFileType = sourcecode.c.objc; path = KeyAnimationViewController.m; sourceTree = "<group>"; };
		5E24C6311E1FEE9400F6FDF4 /* KeyAnimationViewController.xib */ = {isa = PBXFileReference; fileEncoding = 4; lastKnownFileType = file.xib; path = KeyAnimationViewController.xib; sourceTree = "<group>"; };
		B60BE6D11E272169006DDB89 /* AnmationGroupViewController.h */ = {isa = PBXFileReference; fileEncoding = 4; lastKnownFileType = sourcecode.c.h; name = AnmationGroupViewController.h; path = ../AnmationGroupViewController.h; sourceTree = "<group>"; };
		B60BE6D21E272169006DDB89 /* AnmationGroupViewController.m */ = {isa = PBXFileReference; fileEncoding = 4; lastKnownFileType = sourcecode.c.objc; name = AnmationGroupViewController.m; path = ../AnmationGroupViewController.m; sourceTree = "<group>"; };
		B60BE6D31E272169006DDB89 /* AnmationGroupViewController.xib */ = {isa = PBXFileReference; fileEncoding = 4; lastKnownFileType = file.xib; name = AnmationGroupViewController.xib; path = ../AnmationGroupViewController.xib; sourceTree = "<group>"; };
		B60BE6D61E272257006DDB89 /* KeyAnimationsViewController.h */ = {isa = PBXFileReference; fileEncoding = 4; lastKnownFileType = sourcecode.c.h; name = KeyAnimationsViewController.h; path = ../KeyAnimationsViewController.h; sourceTree = "<group>"; };
		B60BE6D71E272257006DDB89 /* KeyAnimationsViewController.m */ = {isa = PBXFileReference; fileEncoding = 4; lastKnownFileType = sourcecode.c.objc; name = KeyAnimationsViewController.m; path = ../KeyAnimationsViewController.m; sourceTree = "<group>"; };
		B60BE6D81E272257006DDB89 /* KeyAnimationsViewController.xib */ = {isa = PBXFileReference; fileEncoding = 4; lastKnownFileType = file.xib; name = KeyAnimationsViewController.xib; path = ../KeyAnimationsViewController.xib; sourceTree = "<group>"; };
		B60BE6DB1E276C8C006DDB89 /* CATransitionViewController.h */ = {isa = PBXFileReference; fileEncoding = 4; lastKnownFileType = sourcecode.c.h; path = CATransitionViewController.h; sourceTree = "<group>"; };
		B60BE6DC1E276C8C006DDB89 /* CATransitionViewController.m */ = {isa = PBXFileReference; fileEncoding = 4; lastKnownFileType = sourcecode.c.objc; path = CATransitionViewController.m; sourceTree = "<group>"; };
		B60BE6DD1E276C8C006DDB89 /* CATransitionViewController.xib */ = {isa = PBXFileReference; fileEncoding = 4; lastKnownFileType = file.xib; path = CATransitionViewController.xib; sourceTree = "<group>"; };
		B60BE6E11E286E62006DDB89 /* MenuViewController.h */ = {isa = PBXFileReference; fileEncoding = 4; lastKnownFileType = sourcecode.c.h; path = MenuViewController.h; sourceTree = "<group>"; };
		B60BE6E21E286E62006DDB89 /* MenuViewController.m */ = {isa = PBXFileReference; fileEncoding = 4; lastKnownFileType = sourcecode.c.objc; path = MenuViewController.m; sourceTree = "<group>"; };
		B60BE6E31E286E62006DDB89 /* MenuViewController.xib */ = {isa = PBXFileReference; fileEncoding = 4; lastKnownFileType = file.xib; path = MenuViewController.xib; sourceTree = "<group>"; };
		B60BE6E61E286F27006DDB89 /* Quart2DViewController.h */ = {isa = PBXFileReference; fileEncoding = 4; lastKnownFileType = sourcecode.c.h; path = Quart2DViewController.h; sourceTree = "<group>"; };
		B60BE6E71E286F27006DDB89 /* Quart2DViewController.m */ = {isa = PBXFileReference; fileEncoding = 4; lastKnownFileType = sourcecode.c.objc; path = Quart2DViewController.m; sourceTree = "<group>"; };
		B60BE6E81E286F27006DDB89 /* Quart2DViewController.xib */ = {isa = PBXFileReference; fileEncoding = 4; lastKnownFileType = file.xib; path = Quart2DViewController.xib; sourceTree = "<group>"; };
		B60BE6EB1E287C2F006DDB89 /* BaseDrawViewController.h */ = {isa = PBXFileReference; fileEncoding = 4; lastKnownFileType = sourcecode.c.h; path = BaseDrawViewController.h; sourceTree = "<group>"; };
		B60BE6EC1E287C2F006DDB89 /* BaseDrawViewController.m */ = {isa = PBXFileReference; fileEncoding = 4; lastKnownFileType = sourcecode.c.objc; path = BaseDrawViewController.m; sourceTree = "<group>"; };
		B60BE6ED1E287C2F006DDB89 /* BaseDrawViewController.xib */ = {isa = PBXFileReference; fileEncoding = 4; lastKnownFileType = file.xib; path = BaseDrawViewController.xib; sourceTree = "<group>"; };
		B60BE6F01E287CC5006DDB89 /* BaseDrawView.h */ = {isa = PBXFileReference; fileEncoding = 4; lastKnownFileType = sourcecode.c.h; path = BaseDrawView.h; sourceTree = "<group>"; };
		B60BE6F11E287CC5006DDB89 /* BaseDrawView.m */ = {isa = PBXFileReference; fileEncoding = 4; lastKnownFileType = sourcecode.c.objc; path = BaseDrawView.m; sourceTree = "<group>"; };
		B60BE6F41E28B116006DDB89 /* TouchMenuViewController.h */ = {isa = PBXFileReference; fileEncoding = 4; lastKnownFileType = sourcecode.c.h; path = TouchMenuViewController.h; sourceTree = "<group>"; };
		B60BE6F51E28B116006DDB89 /* TouchMenuViewController.m */ = {isa = PBXFileReference; fileEncoding = 4; lastKnownFileType = sourcecode.c.objc; path = TouchMenuViewController.m; sourceTree = "<group>"; };
		B60BE6F61E28B116006DDB89 /* TouchMenuViewController.xib */ = {isa = PBXFileReference; fileEncoding = 4; lastKnownFileType = file.xib; path = TouchMenuViewController.xib; sourceTree = "<group>"; };
		B60BE6F91E28B1D0006DDB89 /* TouchBaseViewController.h */ = {isa = PBXFileReference; fileEncoding = 4; lastKnownFileType = sourcecode.c.h; path = TouchBaseViewController.h; sourceTree = "<group>"; };
		B60BE6FA1E28B1D0006DDB89 /* TouchBaseViewController.m */ = {isa = PBXFileReference; fileEncoding = 4; lastKnownFileType = sourcecode.c.objc; path = TouchBaseViewController.m; sourceTree = "<group>"; };
		B60BE6FB1E28B1D0006DDB89 /* TouchBaseViewController.xib */ = {isa = PBXFileReference; fileEncoding = 4; lastKnownFileType = file.xib; path = TouchBaseViewController.xib; sourceTree = "<group>"; };
		B60BE6FE1E28BDAD006DDB89 /* MultiTouchViewController.h */ = {isa = PBXFileReference; fileEncoding = 4; lastKnownFileType = sourcecode.c.h; path = MultiTouchViewController.h; sourceTree = "<group>"; };
		B60BE6FF1E28BDAD006DDB89 /* MultiTouchViewController.m */ = {isa = PBXFileReference; fileEncoding = 4; lastKnownFileType = sourcecode.c.objc; path = MultiTouchViewController.m; sourceTree = "<group>"; };
		B60BE7001E28BDAD006DDB89 /* MultiTouchViewController.xib */ = {isa = PBXFileReference; fileEncoding = 4; lastKnownFileType = file.xib; path = MultiTouchViewController.xib; sourceTree = "<group>"; };
		B60BE7031E28D189006DDB89 /* RightSwipeMenuViewController.h */ = {isa = PBXFileReference; fileEncoding = 4; lastKnownFileType = sourcecode.c.h; path = RightSwipeMenuViewController.h; sourceTree = "<group>"; };
		B60BE7041E28D189006DDB89 /* RightSwipeMenuViewController.m */ = {isa = PBXFileReference; fileEncoding = 4; lastKnownFileType = sourcecode.c.objc; path = RightSwipeMenuViewController.m; sourceTree = "<group>"; };
		B60BE7051E28D189006DDB89 /* RightSwipeMenuViewController.xib */ = {isa = PBXFileReference; fileEncoding = 4; lastKnownFileType = file.xib; path = RightSwipeMenuViewController.xib; sourceTree = "<group>"; };
		B6B465041E236DFB007D7B62 /* AlertViewAnimationViewController.h */ = {isa = PBXFileReference; fileEncoding = 4; lastKnownFileType = sourcecode.c.h; path = AlertViewAnimationViewController.h; sourceTree = "<group>"; };
		B6B465051E236DFB007D7B62 /* AlertViewAnimationViewController.m */ = {isa = PBXFileReference; fileEncoding = 4; lastKnownFileType = sourcecode.c.objc; path = AlertViewAnimationViewController.m; sourceTree = "<group>"; };
		B6B465061E236DFB007D7B62 /* AlertViewAnimationViewController.xib */ = {isa = PBXFileReference; fileEncoding = 4; lastKnownFileType = file.xib; path = AlertViewAnimationViewController.xib; sourceTree = "<group>"; };
/* End PBXFileReference section */

/* Begin PBXFrameworksBuildPhase section */
		5E24C5C71E0ABD9A00F6FDF4 /* Frameworks */ = {
			isa = PBXFrameworksBuildPhase;
			buildActionMask = 2147483647;
			files = (
			);
			runOnlyForDeploymentPostprocessing = 0;
		};
/* End PBXFrameworksBuildPhase section */

/* Begin PBXGroup section */
		5E24C5C11E0ABD9A00F6FDF4 = {
			isa = PBXGroup;
			children = (
				5E24C5CC1E0ABD9B00F6FDF4 /* 动画 */,
				5E24C5CB1E0ABD9B00F6FDF4 /* Products */,
			);
			sourceTree = "<group>";
		};
		5E24C5CB1E0ABD9B00F6FDF4 /* Products */ = {
			isa = PBXGroup;
			children = (
				5E24C5CA1E0ABD9B00F6FDF4 /* 动画.app */,
			);
			name = Products;
			sourceTree = "<group>";
		};
		5E24C5CC1E0ABD9B00F6FDF4 /* 动画 */ = {
			isa = PBXGroup;
			children = (
				B60BE6F31E28B0F3006DDB89 /* Touches */,
				B60BE6E01E286E0F006DDB89 /* Quart2D */,
				5E24C5D01E0ABD9B00F6FDF4 /* AppDelegate.h */,
				5E24C5D11E0ABD9B00F6FDF4 /* AppDelegate.m */,
				5E24C5D31E0ABD9B00F6FDF4 /* ViewController.h */,
				5E24C5D41E0ABD9B00F6FDF4 /* ViewController.m */,
				5E24C5D61E0ABD9B00F6FDF4 /* Main.storyboard */,
				5E24C5D91E0ABD9B00F6FDF4 /* Assets.xcassets */,
				5E24C5DB1E0ABD9B00F6FDF4 /* LaunchScreen.storyboard */,
				5E24C5DE1E0ABD9B00F6FDF4 /* Info.plist */,
				5E24C5CD1E0ABD9B00F6FDF4 /* Supporting Files */,
				5E24C5E41E0AC2E200F6FDF4 /* CABasicAnimationViewController.h */,
				5E24C5E51E0AC2E200F6FDF4 /* CABasicAnimationViewController.m */,
				5E24C5E61E0AC2E200F6FDF4 /* CABasicAnimationViewController.xib */,
				5E24C6111E10117D00F6FDF4 /* HomeViewController.h */,
				5E24C6121E10117D00F6FDF4 /* HomeViewController.m */,
				5E24C6131E10117D00F6FDF4 /* HomeViewController.xib */,
				5E24C6161E10134800F6FDF4 /* RepaetViewController.h */,
				5E24C6171E10134800F6FDF4 /* RepaetViewController.m */,
				5E24C6181E10134800F6FDF4 /* RepaetViewController.xib */,
				5E24C61B1E10239800F6FDF4 /* SpringViewController.h */,
				5E24C61C1E10239800F6FDF4 /* SpringViewController.m */,
				5E24C61D1E10239800F6FDF4 /* SpringViewController.xib */,
				5E24C6201E11671900F6FDF4 /* RotationViewController.h */,
				5E24C6211E11671900F6FDF4 /* RotationViewController.m */,
				5E24C6221E11671900F6FDF4 /* RotationViewController.xib */,
				5E24C6251E12B46700F6FDF4 /* HiddenAnimationViewController.h */,
				5E24C6261E12B46700F6FDF4 /* HiddenAnimationViewController.m */,
				5E24C6271E12B46700F6FDF4 /* HiddenAnimationViewController.xib */,
				5E24C62A1E155E4900F6FDF4 /* BaseAnimationViewController.h */,
				5E24C62B1E155E4900F6FDF4 /* BaseAnimationViewController.m */,
				5E24C62C1E155E4900F6FDF4 /* BaseAnimationViewController.xib */,
				B6B465041E236DFB007D7B62 /* AlertViewAnimationViewController.h */,
				B6B465051E236DFB007D7B62 /* AlertViewAnimationViewController.m */,
				B6B465061E236DFB007D7B62 /* AlertViewAnimationViewController.xib */,
				B60BE6D11E272169006DDB89 /* AnmationGroupViewController.h */,
				B60BE6D21E272169006DDB89 /* AnmationGroupViewController.m */,
				B60BE6D31E272169006DDB89 /* AnmationGroupViewController.xib */,
				B60BE6D61E272257006DDB89 /* KeyAnimationsViewController.h */,
				B60BE6D71E272257006DDB89 /* KeyAnimationsViewController.m */,
				B60BE6D81E272257006DDB89 /* KeyAnimationsViewController.xib */,
				B60BE6DB1E276C8C006DDB89 /* CATransitionViewController.h */,
				B60BE6DC1E276C8C006DDB89 /* CATransitionViewController.m */,
				B60BE6DD1E276C8C006DDB89 /* CATransitionViewController.xib */,
			);
			path = "动画";
			sourceTree = "<group>";
		};
		5E24C5CD1E0ABD9B00F6FDF4 /* Supporting Files */ = {
			isa = PBXGroup;
			children = (
				5E24C5CE1E0ABD9B00F6FDF4 /* main.m */,
			);
			name = "Supporting Files";
			sourceTree = "<group>";
		};
		B60BE6E01E286E0F006DDB89 /* Quart2D */ = {
			isa = PBXGroup;
			children = (
				B60BE6E11E286E62006DDB89 /* MenuViewController.h */,
				B60BE6E21E286E62006DDB89 /* MenuViewController.m */,
				B60BE6E31E286E62006DDB89 /* MenuViewController.xib */,
				B60BE6E61E286F27006DDB89 /* Quart2DViewController.h */,
				B60BE6E71E286F27006DDB89 /* Quart2DViewController.m */,
				B60BE6E81E286F27006DDB89 /* Quart2DViewController.xib */,
				B60BE6EB1E287C2F006DDB89 /* BaseDrawViewController.h */,
				B60BE6EC1E287C2F006DDB89 /* BaseDrawViewController.m */,
				B60BE6ED1E287C2F006DDB89 /* BaseDrawViewController.xib */,
				B60BE6F01E287CC5006DDB89 /* BaseDrawView.h */,
				B60BE6F11E287CC5006DDB89 /* BaseDrawView.m */,
			);
			path = Quart2D;
			sourceTree = "<group>";
		};
		B60BE6F31E28B0F3006DDB89 /* Touches */ = {
			isa = PBXGroup;
			children = (
				B60BE6F41E28B116006DDB89 /* TouchMenuViewController.h */,
				B60BE6F51E28B116006DDB89 /* TouchMenuViewController.m */,
				B60BE6F61E28B116006DDB89 /* TouchMenuViewController.xib */,
				B60BE6F91E28B1D0006DDB89 /* TouchBaseViewController.h */,
				B60BE6FA1E28B1D0006DDB89 /* TouchBaseViewController.m */,
				B60BE6FB1E28B1D0006DDB89 /* TouchBaseViewController.xib */,
				B60BE6FE1E28BDAD006DDB89 /* MultiTouchViewController.h */,
				B60BE6FF1E28BDAD006DDB89 /* MultiTouchViewController.m */,
				B60BE7001E28BDAD006DDB89 /* MultiTouchViewController.xib */,
				B60BE7031E28D189006DDB89 /* RightSwipeMenuViewController.h */,
				B60BE7041E28D189006DDB89 /* RightSwipeMenuViewController.m */,
				B60BE7051E28D189006DDB89 /* RightSwipeMenuViewController.xib */,
			);
			path = Touches;
			sourceTree = "<group>";
		};
/* End PBXGroup section */

/* Begin PBXNativeTarget section */
		5E24C5C91E0ABD9A00F6FDF4 /* 动画 */ = {
			isa = PBXNativeTarget;
			buildConfigurationList = 5E24C5E11E0ABD9B00F6FDF4 /* Build configuration list for PBXNativeTarget "动画" */;
			buildPhases = (
				5E24C5C61E0ABD9A00F6FDF4 /* Sources */,
				5E24C5C71E0ABD9A00F6FDF4 /* Frameworks */,
				5E24C5C81E0ABD9A00F6FDF4 /* Resources */,
			);
			buildRules = (
			);
			dependencies = (
			);
			name = "动画";
			productName = "动画";
			productReference = 5E24C5CA1E0ABD9B00F6FDF4 /* 动画.app */;
			productType = "com.apple.product-type.application";
		};
/* End PBXNativeTarget section */

/* Begin PBXProject section */
		5E24C5C21E0ABD9A00F6FDF4 /* Project object */ = {
			isa = PBXProject;
			attributes = {
				LastUpgradeCheck = 0810;
				ORGANIZATIONNAME = tianwan;
				TargetAttributes = {
					5E24C5C91E0ABD9A00F6FDF4 = {
						CreatedOnToolsVersion = 8.1;
						DevelopmentTeam = CG8E34U3HZ;
						ProvisioningStyle = Automatic;
					};
				};
			};
			buildConfigurationList = 5E24C5C51E0ABD9A00F6FDF4 /* Build configuration list for PBXProject "动画" */;
			compatibilityVersion = "Xcode 3.2";
			developmentRegion = English;
			hasScannedForEncodings = 0;
			knownRegions = (
				en,
				Base,
			);
			mainGroup = 5E24C5C11E0ABD9A00F6FDF4;
			productRefGroup = 5E24C5CB1E0ABD9B00F6FDF4 /* Products */;
			projectDirPath = "";
			projectRoot = "";
			targets = (
				5E24C5C91E0ABD9A00F6FDF4 /* 动画 */,
			);
		};
/* End PBXProject section */

/* Begin PBXResourcesBuildPhase section */
		5E24C5C81E0ABD9A00F6FDF4 /* Resources */ = {
			isa = PBXResourcesBuildPhase;
			buildActionMask = 2147483647;
			files = (
				B60BE7021E28BDAD006DDB89 /* MultiTouchViewController.xib in Resources */,
				B60BE6DF1E276C8C006DDB89 /* CATransitionViewController.xib in Resources */,
				B60BE6F81E28B116006DDB89 /* TouchMenuViewController.xib in Resources */,
				5E24C61F1E10239800F6FDF4 /* SpringViewController.xib in Resources */,
				5E24C5E81E0AC2E200F6FDF4 /* CABasicAnimationViewController.xib in Resources */,
				5E24C62E1E155E4A00F6FDF4 /* BaseAnimationViewController.xib in Resources */,
				B60BE6D51E272169006DDB89 /* AnmationGroupViewController.xib in Resources */,
				B60BE6EF1E287C2F006DDB89 /* BaseDrawViewController.xib in Resources */,
				B60BE7071E28D189006DDB89 /* RightSwipeMenuViewController.xib in Resources */,
				5E24C6241E11671900F6FDF4 /* RotationViewController.xib in Resources */,
				5E24C5DD1E0ABD9B00F6FDF4 /* LaunchScreen.storyboard in Resources */,
				B60BE6FD1E28B1D0006DDB89 /* TouchBaseViewController.xib in Resources */,
				5E24C6331E1FEE9400F6FDF4 /* KeyAnimationViewController.xib in Resources */,
				5E24C6151E10117D00F6FDF4 /* HomeViewController.xib in Resources */,
				B6B465081E236DFB007D7B62 /* AlertViewAnimationViewController.xib in Resources */,
				B60BE6EA1E286F27006DDB89 /* Quart2DViewController.xib in Resources */,
				B60BE6DA1E272257006DDB89 /* KeyAnimationsViewController.xib in Resources */,
				B60BE6E51E286E62006DDB89 /* MenuViewController.xib in Resources */,
				5E24C5DA1E0ABD9B00F6FDF4 /* Assets.xcassets in Resources */,
				5E24C5D81E0ABD9B00F6FDF4 /* Main.storyboard in Resources */,
				5E24C6291E12B46700F6FDF4 /* HiddenAnimationViewController.xib in Resources */,
				5E24C61A1E10134800F6FDF4 /* RepaetViewController.xib in Resources */,
			);
			runOnlyForDeploymentPostprocessing = 0;
		};
/* End PBXResourcesBuildPhase section */

/* Begin PBXSourcesBuildPhase section */
		5E24C5C61E0ABD9A00F6FDF4 /* Sources */ = {
			isa = PBXSourcesBuildPhase;
			buildActionMask = 2147483647;
			files = (
				B60BE7061E28D189006DDB89 /* RightSwipeMenuViewController.m in Sources */,
				B60BE6D41E272169006DDB89 /* AnmationGroupViewController.m in Sources */,
				5E24C5E71E0AC2E200F6FDF4 /* CABasicAnimationViewController.m in Sources */,
				5E24C6191E10134800F6FDF4 /* RepaetViewController.m in Sources */,
				B60BE6E41E286E62006DDB89 /* MenuViewController.m in Sources */,
				5E24C62D1E155E4A00F6FDF4 /* BaseAnimationViewController.m in Sources */,
				B60BE6F21E287CC5006DDB89 /* BaseDrawView.m in Sources */,
				5E24C6321E1FEE9400F6FDF4 /* KeyAnimationViewController.m in Sources */,
				B60BE6F71E28B116006DDB89 /* TouchMenuViewController.m in Sources */,
				B60BE7011E28BDAD006DDB89 /* MultiTouchViewController.m in Sources */,
				B60BE6D91E272257006DDB89 /* KeyAnimationsViewController.m in Sources */,
				B60BE6EE1E287C2F006DDB89 /* BaseDrawViewController.m in Sources */,
				5E24C6231E11671900F6FDF4 /* RotationViewController.m in Sources */,
				5E24C6281E12B46700F6FDF4 /* HiddenAnimationViewController.m in Sources */,
				B60BE6FC1E28B1D0006DDB89 /* TouchBaseViewController.m in Sources */,
				5E24C5D51E0ABD9B00F6FDF4 /* ViewController.m in Sources */,
				5E24C61E1E10239800F6FDF4 /* SpringViewController.m in Sources */,
				B6B465071E236DFB007D7B62 /* AlertViewAnimationViewController.m in Sources */,
				5E24C5D21E0ABD9B00F6FDF4 /* AppDelegate.m in Sources */,
				5E24C6141E10117D00F6FDF4 /* HomeViewController.m in Sources */,
				B60BE6E91E286F27006DDB89 /* Quart2DViewController.m in Sources */,
				5E24C5CF1E0ABD9B00F6FDF4 /* main.m in Sources */,
				B60BE6DE1E276C8C006DDB89 /* CATransitionViewController.m in Sources */,
			);
			runOnlyForDeploymentPostprocessing = 0;
		};
/* End PBXSourcesBuildPhase section */

/* Begin PBXVariantGroup section */
		5E24C5D61E0ABD9B00F6FDF4 /* Main.storyboard */ = {
			isa = PBXVariantGroup;
			children = (
				5E24C5D71E0ABD9B00F6FDF4 /* Base */,
			);
			name = Main.storyboard;
			sourceTree = "<group>";
		};
		5E24C5DB1E0ABD9B00F6FDF4 /* LaunchScreen.storyboard */ = {
			isa = PBXVariantGroup;
			children = (
				5E24C5DC1E0ABD9B00F6FDF4 /* Base */,
			);
			name = LaunchScreen.storyboard;
			sourceTree = "<group>";
		};
/* End PBXVariantGroup section */

/* Begin XCBuildConfiguration section */
		5E24C5DF1E0ABD9B00F6FDF4 /* Debug */ = {
			isa = XCBuildConfiguration;
			buildSettings = {
				ALWAYS_SEARCH_USER_PATHS = NO;
				CLANG_ANALYZER_NONNULL = YES;
				CLANG_CXX_LANGUAGE_STANDARD = "gnu++0x";
				CLANG_CXX_LIBRARY = "libc++";
				CLANG_ENABLE_MODULES = YES;
				CLANG_ENABLE_OBJC_ARC = YES;
				CLANG_WARN_BOOL_CONVERSION = YES;
				CLANG_WARN_CONSTANT_CONVERSION = YES;
				CLANG_WARN_DIRECT_OBJC_ISA_USAGE = YES_ERROR;
				CLANG_WARN_DOCUMENTATION_COMMENTS = YES;
				CLANG_WARN_EMPTY_BODY = YES;
				CLANG_WARN_ENUM_CONVERSION = YES;
				CLANG_WARN_INFINITE_RECURSION = YES;
				CLANG_WARN_INT_CONVERSION = YES;
				CLANG_WARN_OBJC_ROOT_CLASS = YES_ERROR;
				CLANG_WARN_SUSPICIOUS_MOVES = YES;
				CLANG_WARN_UNREACHABLE_CODE = YES;
				CLANG_WARN__DUPLICATE_METHOD_MATCH = YES;
				"CODE_SIGN_IDENTITY[sdk=iphoneos*]" = "iPhone Developer";
				COPY_PHASE_STRIP = NO;
				DEBUG_INFORMATION_FORMAT = dwarf;
				ENABLE_STRICT_OBJC_MSGSEND = YES;
				ENABLE_TESTABILITY = YES;
				GCC_C_LANGUAGE_STANDARD = gnu99;
				GCC_DYNAMIC_NO_PIC = NO;
				GCC_NO_COMMON_BLOCKS = YES;
				GCC_OPTIMIZATION_LEVEL = 0;
				GCC_PREPROCESSOR_DEFINITIONS = (
					"DEBUG=1",
					"$(inherited)",
				);
				GCC_WARN_64_TO_32_BIT_CONVERSION = YES;
				GCC_WARN_ABOUT_RETURN_TYPE = YES_ERROR;
				GCC_WARN_UNDECLARED_SELECTOR = YES;
				GCC_WARN_UNINITIALIZED_AUTOS = YES_AGGRESSIVE;
				GCC_WARN_UNUSED_FUNCTION = YES;
				GCC_WARN_UNUSED_VARIABLE = YES;
				IPHONEOS_DEPLOYMENT_TARGET = 10.1;
				MTL_ENABLE_DEBUG_INFO = YES;
				ONLY_ACTIVE_ARCH = YES;
				SDKROOT = iphoneos;
			};
			name = Debug;
		};
		5E24C5E01E0ABD9B00F6FDF4 /* Release */ = {
			isa = XCBuildConfiguration;
			buildSettings = {
				ALWAYS_SEARCH_USER_PATHS = NO;
				CLANG_ANALYZER_NONNULL = YES;
				CLANG_CXX_LANGUAGE_STANDARD = "gnu++0x";
				CLANG_CXX_LIBRARY = "libc++";
				CLANG_ENABLE_MODULES = YES;
				CLANG_ENABLE_OBJC_ARC = YES;
				CLANG_WARN_BOOL_CONVERSION = YES;
				CLANG_WARN_CONSTANT_CONVERSION = YES;
				CLANG_WARN_DIRECT_OBJC_ISA_USAGE = YES_ERROR;
				CLANG_WARN_DOCUMENTATION_COMMENTS = YES;
				CLANG_WARN_EMPTY_BODY = YES;
				CLANG_WARN_ENUM_CONVERSION = YES;
				CLANG_WARN_INFINITE_RECURSION = YES;
				CLANG_WARN_INT_CONVERSION = YES;
				CLANG_WARN_OBJC_ROOT_CLASS = YES_ERROR;
				CLANG_WARN_SUSPICIOUS_MOVES = YES;
				CLANG_WARN_UNREACHABLE_CODE = YES;
				CLANG_WARN__DUPLICATE_METHOD_MATCH = YES;
				"CODE_SIGN_IDENTITY[sdk=iphoneos*]" = "iPhone Developer";
				COPY_PHASE_STRIP = NO;
				DEBUG_INFORMATION_FORMAT = "dwarf-with-dsym";
				ENABLE_NS_ASSERTIONS = NO;
				ENABLE_STRICT_OBJC_MSGSEND = YES;
				GCC_C_LANGUAGE_STANDARD = gnu99;
				GCC_NO_COMMON_BLOCKS = YES;
				GCC_WARN_64_TO_32_BIT_CONVERSION = YES;
				GCC_WARN_ABOUT_RETURN_TYPE = YES_ERROR;
				GCC_WARN_UNDECLARED_SELECTOR = YES;
				GCC_WARN_UNINITIALIZED_AUTOS = YES_AGGRESSIVE;
				GCC_WARN_UNUSED_FUNCTION = YES;
				GCC_WARN_UNUSED_VARIABLE = YES;
				IPHONEOS_DEPLOYMENT_TARGET = 10.1;
				MTL_ENABLE_DEBUG_INFO = NO;
				SDKROOT = iphoneos;
				VALIDATE_PRODUCT = YES;
			};
			name = Release;
		};
		5E24C5E21E0ABD9B00F6FDF4 /* Debug */ = {
			isa = XCBuildConfiguration;
			buildSettings = {
				ASSETCATALOG_COMPILER_APPICON_NAME = AppIcon;
				DEVELOPMENT_TEAM = CG8E34U3HZ;
				INFOPLIST_FILE = "动画/Info.plist";
				IPHONEOS_DEPLOYMENT_TARGET = 8.0;
				LD_RUNPATH_SEARCH_PATHS = "$(inherited) @executable_path/Frameworks";
				PRODUCT_BUNDLE_IDENTIFIER = "com.tianwan.www.--";
				PRODUCT_NAME = "$(TARGET_NAME)";
			};
			name = Debug;
		};
		5E24C5E31E0ABD9B00F6FDF4 /* Release */ = {
			isa = XCBuildConfiguration;
			buildSettings = {
				ASSETCATALOG_COMPILER_APPICON_NAME = AppIcon;
				DEVELOPMENT_TEAM = CG8E34U3HZ;
				INFOPLIST_FILE = "动画/Info.plist";
				IPHONEOS_DEPLOYMENT_TARGET = 8.0;
				LD_RUNPATH_SEARCH_PATHS = "$(inherited) @executable_path/Frameworks";
				PRODUCT_BUNDLE_IDENTIFIER = "com.tianwan.www.--";
				PRODUCT_NAME = "$(TARGET_NAME)";
			};
			name = Release;
		};
/* End XCBuildConfiguration section */

/* Begin XCConfigurationList section */
		5E24C5C51E0ABD9A00F6FDF4 /* Build configuration list for PBXProject "动画" */ = {
			isa = XCConfigurationList;
			buildConfigurations = (
				5E24C5DF1E0ABD9B00F6FDF4 /* Debug */,
				5E24C5E01E0ABD9B00F6FDF4 /* Release */,
			);
			defaultConfigurationIsVisible = 0;
			defaultConfigurationName = Release;
		};
		5E24C5E11E0ABD9B00F6FDF4 /* Build configuration list for PBXNativeTarget "动画" */ = {
			isa = XCConfigurationList;
			buildConfigurations = (
				5E24C5E21E0ABD9B00F6FDF4 /* Debug */,
				5E24C5E31E0ABD9B00F6FDF4 /* Release */,
			);
			defaultConfigurationIsVisible = 0;
			defaultConfigurationName = Release;
		};
/* End XCConfigurationList section */
	};
	rootObject = 5E24C5C21E0ABD9A00F6FDF4 /* Project object */;
}
